
Microsoft Visual Studio Solution File, Format Version 12.00
# Visual Studio Version 16
VisualStudioVersion = 16.0.29512.175
MinimumVisualStudioVersion = 10.0.40219.1
Project("{FAE04EC0-301F-11D3-BF4B-00C04F79EFBC}") = "ExportCustomization", "ExportCustomization\ExportCustomization.csproj", "{A5AB088F-F60A-4F42-90B3-82D1F0EEB6DC}"
EndProject
Global
	GlobalSection(SolutionConfigurationPlatforms) = preSolution
		Debug|Any CPU = Debug|Any CPU
		Release|Any CPU = Release|Any CPU
	EndGlobalSection
	GlobalSection(ProjectConfigurationPlatforms) = postSolution
		{A5AB088F-F60A-4F42-90B3-82D1F0EEB6DC}.Debug|Any CPU.ActiveCfg = Debug|Any CPU
		{A5AB088F-F60A-4F42-90B3-82D1F0EEB6DC}.Debug|Any CPU.Build.0 = Debug|Any CPU
		{A5AB088F-F60A-4F42-90B3-82D1F0EEB6DC}.Release|Any CPU.ActiveCfg = Release|Any CPU
		{A5AB088F-F60A-4F42-90B3-82D1F0EEB6DC}.Release|Any CPU.Build.0 = Release|Any CPU
	EndGlobalSection
	GlobalSection(SolutionProperties) = preSolution
		HideSolutionNode = FALSE
	EndGlobalSection
	GlobalSection(ExtensibilityGlobals) = postSolution
		SolutionGuid = {B45F967B-AC1D-4388-A145-68E7A3FD877D}
	EndGlobalSection
EndGlobal
